<?xml version="1.0" encoding="utf-8"?>
<Project ToolsVersion="4.0" xmlns="http://schemas.microsoft.com/developer/msbuild/2003">
  <ItemGroup>
    <Filter Include="Source Files">
      <UniqueIdentifier>{4FC737F1-C7A5-4376-A066-2A32D752A2FF}</UniqueIdentifier>
      <Extensions>cpp;c;cc;cxx;c++;cppm;ixx;def;odl;idl;hpj;bat;asm;asmx</Extensions>
    </Filter>
    <Filter Include="Header Files">
      <UniqueIdentifier>{93995380-89BD-4b04-88EB-625FBE52EBFB}</UniqueIdentifier>
      <Extensions>h;hh;hpp;hxx;h++;hm;inl;inc;ipp;xsd</Extensions>
    </Filter>
    <Filter Include="Resource Files">
      <UniqueIdentifier>{67DA6AB6-F800-4c08-8B7A-83BB121AAD01}</UniqueIdentifier>
      <Extensions>rc;ico;cur;bmp;dlg;rc2;rct;bin;rgs;gif;jpg;jpeg;jpe;resx;tiff;tif;png;wav;mfcribbon-ms</Extensions>
    </Filter>
  </ItemGroup>
  <ItemGroup>
    <ClCompile Include="..\src\auto_core.cxx">
      <Filter>Source Files</Filter>
    </ClCompile>
    <ClCompile Include="..\src\cloud.cxx">
      <Filter>Source Files</Filter>
    </ClCompile>
    <ClCompile Include="..\src\crash.cxx">
      <Filter>Source Files</Filter>
    </ClCompile>
    <ClCompile Include="..\src\dash.cxx">
      <Filter>Source Files</Filter>
    </ClCompile>
    <ClCompile Include="..\src\end.cxx">
      <Filter>Source Files</Filter>
    </ClCompile>
    <ClCompile Include="..\src\itunes.cxx">
      <Filter>Source Files</Filter>
    </ClCompile>
    <ClCompile Include="..\src\journal.cxx">
      <Filter>Source Files</Filter>
    </ClCompile>
    <ClCompile Include="..\src\journey.cxx">
      <Filter>Source Files</Filter>
    </ClCompile>
    <ClCompile Include="..\src\link.cxx">
      <Filter>Source Files</Filter>
    </ClCompile>
    <ClCompile Include="..\src\logger_t.cxx">
      <Filter>Source Files</Filter>
    </ClCompile>
    <ClCompile Include="..\src\logger_x.cxx">
      <Filter>Source Files</Filter>
    </ClCompile>
    <ClCompile Include="..\src\main.cxx">
      <Filter>Source Files</Filter>
    </ClCompile>
    <ClCompile Include="..\src\notepad.cxx">
      <Filter>Source Files</Filter>
    </ClCompile>
    <ClCompile Include="..\src\notes.cxx">
      <Filter>Source Files</Filter>
    </ClCompile>
    <ClCompile Include="..\src\pipes.cxx">
      <Filter>Source Files</Filter>
    </ClCompile>
    <ClCompile Include="..\src\runtime.cxx">
      <Filter>Source Files</Filter>
    </ClCompile>
    <ClCompile Include="..\src\server.cxx">
      <Filter>Source Files</Filter>
    </ClCompile>
    <ClCompile Include="..\src\slash.cxx">
      <Filter>Source Files</Filter>
    </ClCompile>
    <ClCompile Include="..\src\sp.cxx">
      <Filter>Source Files</Filter>
    </ClCompile>
    <ClCompile Include="..\src\star.cxx">
      <Filter>Source Files</Filter>
    </ClCompile>
    <ClCompile Include="..\src\taskbar.cxx">
      <Filter>Source Files</Filter>
    </ClCompile>
    <ClCompile Include="..\src\taskbar_11.cxx">
      <Filter>Source Files</Filter>
    </ClCompile>
    <ClCompile Include="..\src\taskbar_ps.cxx">
      <Filter>Source Files</Filter>
    </ClCompile>
    <ClCompile Include="..\src\tasks.cxx">
      <Filter>Source Files</Filter>
    </ClCompile>
    <ClCompile Include="..\src\wake.cxx">
      <Filter>Source Files</Filter>
    </ClCompile>
    <ClCompile Include="..\..\core\src\clipboard.cxx">
      <Filter>Source Files</Filter>
    </ClCompile>
    <ClCompile Include="..\..\core\src\clock.cxx">
      <Filter>Source Files</Filter>
    </ClCompile>
    <ClCompile Include="..\..\core\src\config.cxx">
      <Filter>Source Files</Filter>
    </ClCompile>
    <ClCompile Include="..\..\core\src\keyboard.cxx">
      <Filter>Source Files</Filter>
    </ClCompile>
    <ClCompile Include="..\..\core\src\logger.cxx">
      <Filter>Source Files</Filter>
    </ClCompile>
    <ClCompile Include="..\..\core\src\logger_c.cxx">
      <Filter>Source Files</Filter>
    </ClCompile>
    <ClCompile Include="..\..\core\src\print.cxx">
      <Filter>Source Files</Filter>
    </ClCompile>
    <ClCompile Include="..\..\core\src\utils.cxx">
      <Filter>Source Files</Filter>
    </ClCompile>
    <ClCompile Include="..\modules\auto_core.ixx">
      <Filter>Header Files</Filter>
    </ClCompile>
    <ClCompile Include="..\modules\cloud.ixx">
      <Filter>Header Files</Filter>
    </ClCompile>
    <ClCompile Include="..\modules\core.ixx">
      <Filter>Header Files</Filter>
    </ClCompile>
    <ClCompile Include="..\modules\crash.ixx">
      <Filter>Header Files</Filter>
    </ClCompile>
    <ClCompile Include="..\modules\dash.ixx">
      <Filter>Header Files</Filter>
    </ClCompile>
    <ClCompile Include="..\modules\dash_x.ixx">
      <Filter>Header Files</Filter>
    </ClCompile>
    <ClCompile Include="..\modules\end.ixx">
      <Filter>Header Files</Filter>
    </ClCompile>
    <ClCompile Include="..\modules\itunes.ixx">
      <Filter>Header Files</Filter>
    </ClCompile>
    <ClCompile Include="..\modules\journal.ixx">
      <Filter>Header Files</Filter>
    </ClCompile>
    <ClCompile Include="..\modules\journey.ixx">
      <Filter>Header Files</Filter>
    </ClCompile>
    <ClCompile Include="..\modules\link.ixx">
      <Filter>Header Files</Filter>
    </ClCompile>
    <ClCompile Include="..\modules\logger_t.ixx">
      <Filter>Header Files</Filter>
    </ClCompile>
    <ClCompile Include="..\modules\logger_x.ixx">
      <Filter>Header Files</Filter>
    </ClCompile>
    <ClCompile Include="..\modules\main.ixx">
      <Filter>Header Files</Filter>
    </ClCompile>
    <ClCompile Include="..\modules\notepad.ixx">
      <Filter>Header Files</Filter>
    </ClCompile>
    <ClCompile Include="..\modules\notes.ixx">
      <Filter>Header Files</Filter>
    </ClCompile>
    <ClCompile Include="..\modules\numkey.ixx">
      <Filter>Header Files</Filter>
    </ClCompile>
    <ClCompile Include="..\modules\pipes.ixx">
      <Filter>Header Files</Filter>
    </ClCompile>
    <ClCompile Include="..\modules\runtime.ixx">
      <Filter>Header Files</Filter>
    </ClCompile>
    <ClCompile Include="..\modules\server.ixx">
      <Filter>Header Files</Filter>
    </ClCompile>
    <ClCompile Include="..\modules\slash.ixx">
      <Filter>Header Files</Filter>
    </ClCompile>
    <ClCompile Include="..\modules\sp.ixx">
      <Filter>Header Files</Filter>
    </ClCompile>
    <ClCompile Include="..\modules\star.ixx">
      <Filter>Header Files</Filter>
    </ClCompile>
    <ClCompile Include="..\modules\taskbar.ixx">
      <Filter>Header Files</Filter>
    </ClCompile>
    <ClCompile Include="..\modules\taskbar_11.ixx">
      <Filter>Header Files</Filter>
    </ClCompile>
    <ClCompile Include="..\modules\taskbar_ps.ixx">
      <Filter>Header Files</Filter>
    </ClCompile>
    <ClCompile Include="..\modules\tasks.ixx">
      <Filter>Header Files</Filter>
    </ClCompile>
    <ClCompile Include="..\modules\wake.ixx">
      <Filter>Header Files</Filter>
    </ClCompile>
    <ClCompile Include="..\..\core\modules\base.ixx">
      <Filter>Header Files</Filter>
    </ClCompile>
    <ClCompile Include="..\..\core\modules\clipboard.ixx">
      <Filter>Header Files</Filter>
    </ClCompile>
    <ClCompile Include="..\..\core\modules\clock.ixx">
      <Filter>Header Files</Filter>
    </ClCompile>
    <ClCompile Include="..\..\core\modules\config.ixx">
      <Filter>Header Files</Filter>
    </ClCompile>
    <ClCompile Include="..\..\core\modules\keyboard.ixx">
      <Filter>Header Files</Filter>
    </ClCompile>
    <ClCompile Include="..\..\core\modules\logger.ixx">
      <Filter>Header Files</Filter>
    </ClCompile>
    <ClCompile Include="..\..\core\modules\logger_c.ixx">
      <Filter>Header Files</Filter>
    </ClCompile>
    <ClCompile Include="..\..\core\modules\print.ixx">
      <Filter>Header Files</Filter>
    </ClCompile>
    <ClCompile Include="..\..\core\modules\thread.ixx">
      <Filter>Header Files</Filter>
    </ClCompile>
    <ClCompile Include="..\..\core\modules\utils.ixx">
      <Filter>Header Files</Filter>
    </ClCompile>
    <ClCompile Include="..\..\core\modules\visual.ixx">
      <Filter>Header Files</Filter>
    </ClCompile>
  </ItemGroup>
  <ItemGroup>
    <ResourceCompile Include="..\..\resources\resource.rc">
      <Filter>Resource Files</Filter>
    </ResourceCompile>
  </ItemGroup>
</Project>