<?xml version="1.0" encoding="utf-8"?>
<Project ToolsVersion="4.0" xmlns="http://schemas.microsoft.com/developer/msbuild/2003">
  <ItemGroup>
    <Filter Include="Source Files">
      <UniqueIdentifier>{4FC737F1-C7A5-4376-A066-2A32D752A2FF}</UniqueIdentifier>
      <Extensions>cpp;c;cc;cxx;c++;cppm;ixx;def;odl;idl;hpj;bat;asm;asmx</Extensions>
    </Filter>
    <Filter Include="Header Files">
      <UniqueIdentifier>{93995380-89BD-4b04-88EB-625FBE52EBFB}</UniqueIdentifier>
      <Extensions>h;hh;hpp;hxx;h++;hm;inl;inc;ipp;xsd</Extensions>
    </Filter>
    <Filter Include="Resource Files">
      <UniqueIdentifier>{67DA6AB6-F800-4c08-8B7A-83BB121AAD01}</UniqueIdentifier>
      <Extensions>rc;ico;cur;bmp;dlg;rc2;rct;bin;rgs;gif;jpg;jpeg;jpe;resx;tiff;tif;png;wav;mfcribbon-ms</Extensions>
    </Filter>
  </ItemGroup>
  <ItemGroup>
    <ClCompile Include="..\app\import\auto_core.ixx">
      <Filter>Header Files</Filter>
    </ClCompile>
    <ClCompile Include="..\app\import\base.ixx">
      <Filter>Header Files</Filter>
    </ClCompile>
    <ClCompile Include="..\app\import\clipboard.ixx">
      <Filter>Header Files</Filter>
    </ClCompile>
    <ClCompile Include="..\app\import\clock.ixx">
      <Filter>Header Files</Filter>
    </ClCompile>
    <ClCompile Include="..\app\import\cloud.ixx">
      <Filter>Header Files</Filter>
    </ClCompile>
    <ClCompile Include="..\app\import\config.ixx">
      <Filter>Header Files</Filter>
    </ClCompile>
    <ClCompile Include="..\app\import\core.ixx">
      <Filter>Header Files</Filter>
    </ClCompile>
    <ClCompile Include="..\app\import\crash.ixx">
      <Filter>Header Files</Filter>
    </ClCompile>
    <ClCompile Include="..\app\import\dash.ixx">
      <Filter>Header Files</Filter>
    </ClCompile>
    <ClCompile Include="..\app\import\dash_x.ixx">
      <Filter>Header Files</Filter>
    </ClCompile>
    <ClCompile Include="..\app\import\end.ixx">
      <Filter>Header Files</Filter>
    </ClCompile>
    <ClCompile Include="..\app\import\itunes.ixx">
      <Filter>Header Files</Filter>
    </ClCompile>
    <ClCompile Include="..\app\import\journal.ixx">
      <Filter>Header Files</Filter>
    </ClCompile>
    <ClCompile Include="..\app\import\journey.ixx">
      <Filter>Header Files</Filter>
    </ClCompile>
    <ClCompile Include="..\app\import\keyboard.ixx">
      <Filter>Header Files</Filter>
    </ClCompile>
    <ClCompile Include="..\app\import\link.ixx">
      <Filter>Header Files</Filter>
    </ClCompile>
    <ClCompile Include="..\app\import\logger.ixx">
      <Filter>Header Files</Filter>
    </ClCompile>
    <ClCompile Include="..\app\import\logger_c.ixx">
      <Filter>Header Files</Filter>
    </ClCompile>
    <ClCompile Include="..\app\import\logger_t.ixx">
      <Filter>Header Files</Filter>
    </ClCompile>
    <ClCompile Include="..\app\import\logger_x.ixx">
      <Filter>Header Files</Filter>
    </ClCompile>
    <ClCompile Include="..\app\import\main.ixx">
      <Filter>Header Files</Filter>
    </ClCompile>
    <ClCompile Include="..\app\import\notepad.ixx">
      <Filter>Header Files</Filter>
    </ClCompile>
    <ClCompile Include="..\app\import\notes.ixx">
      <Filter>Header Files</Filter>
    </ClCompile>
    <ClCompile Include="..\app\import\numkey.ixx">
      <Filter>Header Files</Filter>
    </ClCompile>
    <ClCompile Include="..\app\import\pipes.ixx">
      <Filter>Header Files</Filter>
    </ClCompile>
    <ClCompile Include="..\app\import\print.ixx">
      <Filter>Header Files</Filter>
    </ClCompile>
    <ClCompile Include="..\app\import\runtime.ixx">
      <Filter>Header Files</Filter>
    </ClCompile>
    <ClCompile Include="..\app\import\server.ixx">
      <Filter>Header Files</Filter>
    </ClCompile>
    <ClCompile Include="..\app\import\slash.ixx">
      <Filter>Header Files</Filter>
    </ClCompile>
    <ClCompile Include="..\app\import\sp.ixx">
      <Filter>Header Files</Filter>
    </ClCompile>
    <ClCompile Include="..\app\import\star.ixx">
      <Filter>Header Files</Filter>
    </ClCompile>
    <ClCompile Include="..\app\import\taskbar.ixx">
      <Filter>Header Files</Filter>
    </ClCompile>
    <ClCompile Include="..\app\import\taskbar_11.ixx">
      <Filter>Header Files</Filter>
    </ClCompile>
    <ClCompile Include="..\app\import\taskbar_ps.ixx">
      <Filter>Header Files</Filter>
    </ClCompile>
    <ClCompile Include="..\app\import\tasks.ixx">
      <Filter>Header Files</Filter>
    </ClCompile>
    <ClCompile Include="..\app\import\thread.ixx">
      <Filter>Header Files</Filter>
    </ClCompile>
    <ClCompile Include="..\app\import\utils.ixx">
      <Filter>Header Files</Filter>
    </ClCompile>
    <ClCompile Include="..\app\import\visual.ixx">
      <Filter>Header Files</Filter>
    </ClCompile>
    <ClCompile Include="..\app\import\wake.ixx">
      <Filter>Header Files</Filter>
    </ClCompile>
    <ClCompile Include="..\app\src\auto_core.cxx">
      <Filter>Source Files</Filter>
    </ClCompile>
    <ClCompile Include="..\app\src\clipboard.cxx">
      <Filter>Source Files</Filter>
    </ClCompile>
    <ClCompile Include="..\app\src\clock.cxx">
      <Filter>Source Files</Filter>
    </ClCompile>
    <ClCompile Include="..\app\src\cloud.cxx">
      <Filter>Source Files</Filter>
    </ClCompile>
    <ClCompile Include="..\app\src\config.cxx">
      <Filter>Source Files</Filter>
    </ClCompile>
    <ClCompile Include="..\app\src\crash.cxx">
      <Filter>Source Files</Filter>
    </ClCompile>
    <ClCompile Include="..\app\src\dash.cxx">
      <Filter>Source Files</Filter>
    </ClCompile>
    <ClCompile Include="..\app\src\end.cxx">
      <Filter>Source Files</Filter>
    </ClCompile>
    <ClCompile Include="..\app\src\itunes.cxx">
      <Filter>Source Files</Filter>
    </ClCompile>
    <ClCompile Include="..\app\src\journal.cxx">
      <Filter>Source Files</Filter>
    </ClCompile>
    <ClCompile Include="..\app\src\journey.cxx">
      <Filter>Source Files</Filter>
    </ClCompile>
    <ClCompile Include="..\app\src\keyboard.cxx">
      <Filter>Source Files</Filter>
    </ClCompile>
    <ClCompile Include="..\app\src\link.cxx">
      <Filter>Source Files</Filter>
    </ClCompile>
    <ClCompile Include="..\app\src\logger.cxx">
      <Filter>Source Files</Filter>
    </ClCompile>
    <ClCompile Include="..\app\src\logger_c.cxx">
      <Filter>Source Files</Filter>
    </ClCompile>
    <ClCompile Include="..\app\src\logger_t.cxx">
      <Filter>Source Files</Filter>
    </ClCompile>
    <ClCompile Include="..\app\src\logger_x.cxx">
      <Filter>Source Files</Filter>
    </ClCompile>
    <ClCompile Include="..\app\src\main.cxx">
      <Filter>Source Files</Filter>
    </ClCompile>
    <ClCompile Include="..\app\src\notepad.cxx">
      <Filter>Source Files</Filter>
    </ClCompile>
    <ClCompile Include="..\app\src\notes.cxx">
      <Filter>Source Files</Filter>
    </ClCompile>
    <ClCompile Include="..\app\src\pipes.cxx">
      <Filter>Source Files</Filter>
    </ClCompile>
    <ClCompile Include="..\app\src\print.cxx">
      <Filter>Source Files</Filter>
    </ClCompile>
    <ClCompile Include="..\app\src\runtime.cxx">
      <Filter>Source Files</Filter>
    </ClCompile>
    <ClCompile Include="..\app\src\server.cxx">
      <Filter>Source Files</Filter>
    </ClCompile>
    <ClCompile Include="..\app\src\slash.cxx">
      <Filter>Source Files</Filter>
    </ClCompile>
    <ClCompile Include="..\app\src\sp.cxx">
      <Filter>Source Files</Filter>
    </ClCompile>
    <ClCompile Include="..\app\src\star.cxx">
      <Filter>Source Files</Filter>
    </ClCompile>
    <ClCompile Include="..\app\src\taskbar.cxx">
      <Filter>Source Files</Filter>
    </ClCompile>
    <ClCompile Include="..\app\src\taskbar_11.cxx">
      <Filter>Source Files</Filter>
    </ClCompile>
    <ClCompile Include="..\app\src\taskbar_ps.cxx">
      <Filter>Source Files</Filter>
    </ClCompile>
    <ClCompile Include="..\app\src\tasks.cxx">
      <Filter>Source Files</Filter>
    </ClCompile>
    <ClCompile Include="..\app\src\utils.cxx">
      <Filter>Source Files</Filter>
    </ClCompile>
    <ClCompile Include="..\app\src\wake.cxx">
      <Filter>Source Files</Filter>
    </ClCompile>
  </ItemGroup>
  <ItemGroup>
    <ResourceCompile Include="..\assets\resource.rc">
      <Filter>Resource Files</Filter>
    </ResourceCompile>
  </ItemGroup>
</Project>