<?xml version="1.0" encoding="utf-8"?>
<Project ToolsVersion="4.0" xmlns="http://schemas.microsoft.com/developer/msbuild/2003">
  <ItemGroup>
    <Filter Include="Source Files">
      <UniqueIdentifier>{A1C4E8B2-6D37-4F19-9B50-2C8E1A7D4F63}</UniqueIdentifier>
      <Extensions>cpp;c;cc;cxx;c++;cppm;ixx</Extensions>
    </Filter>
  </ItemGroup>
  <ItemGroup>
    <ClCompile Include="main.cxx">
      <Filter>Source Files</Filter>
    </ClCompile>
    <ClCompile Include="..\shared\song_template.ixx">
      <Filter>Source Files</Filter>
    </ClCompile>
    <ClCompile Include="..\shared\song_catalog.ixx">
      <Filter>Source Files</Filter>
    </ClCompile>
    <ClCompile Include="..\shared\data_directory.ixx">
      <Filter>Source Files</Filter>
    </ClCompile>
    <ClCompile Include="..\shared\defaults.ixx">
      <Filter>Source Files</Filter>
    </ClCompile>
  </ItemGroup>
</Project>
