Microsoft Visual Studio Solution File, Format Version 12.00
# Visual Studio Version 17
VisualStudioVersion = 17.14.37531.7 d17.14
MinimumVisualStudioVersion = 10.0.40219.1
Project("{8BC9CEB8-8B4A-11D0-8D11-00A0C91BC942}") = "auto_core_dll", "auto_core_dll.vcxproj", "{64B8A747-C87C-4338-B3B9-6D4F5A82D74A}"
EndProject
Project("{8BC9CEB8-8B4A-11D0-8D11-00A0C91BC942}") = "auto_core_shell_launcher", "shell_launcher\auto_core_shell_launcher.vcxproj", "{B7E4C1A2-9F30-4C55-A1D8-2E6B0F4C8A19}"
EndProject
Project("{8BC9CEB8-8B4A-11D0-8D11-00A0C91BC942}") = "auto_core_tests", "tests\auto_core_tests.vcxproj", "{D4056118-237F-44EB-8DC6-180810ABF60B}"
	ProjectSection(ProjectDependencies) = postProject
		{64B8A747-C87C-4338-B3B9-6D4F5A82D74A} = {64B8A747-C87C-4338-B3B9-6D4F5A82D74A}
	EndProjectSection
EndProject
Global
	GlobalSection(SolutionConfigurationPlatforms) = preSolution
		Debug|x64 = Debug|x64
		Release|x64 = Release|x64
	EndGlobalSection
	GlobalSection(ProjectConfigurationPlatforms) = postSolution
		{64B8A747-C87C-4338-B3B9-6D4F5A82D74A}.Debug|x64.ActiveCfg = Debug|x64
		{64B8A747-C87C-4338-B3B9-6D4F5A82D74A}.Debug|x64.Build.0 = Debug|x64
		{64B8A747-C87C-4338-B3B9-6D4F5A82D74A}.Release|x64.ActiveCfg = Release|x64
		{64B8A747-C87C-4338-B3B9-6D4F5A82D74A}.Release|x64.Build.0 = Release|x64
		{B7E4C1A2-9F30-4C55-A1D8-2E6B0F4C8A19}.Debug|x64.ActiveCfg = Debug|x64
		{B7E4C1A2-9F30-4C55-A1D8-2E6B0F4C8A19}.Debug|x64.Build.0 = Debug|x64
		{B7E4C1A2-9F30-4C55-A1D8-2E6B0F4C8A19}.Release|x64.ActiveCfg = Release|x64
		{B7E4C1A2-9F30-4C55-A1D8-2E6B0F4C8A19}.Release|x64.Build.0 = Release|x64
		{D4056118-237F-44EB-8DC6-180810ABF60B}.Debug|x64.ActiveCfg = Release|x64
		{D4056118-237F-44EB-8DC6-180810ABF60B}.Release|x64.ActiveCfg = Release|x64
	EndGlobalSection
	GlobalSection(SolutionProperties) = preSolution
		HideSolutionNode = FALSE
	EndGlobalSection
	GlobalSection(ExtensibilityGlobals) = postSolution
		SolutionGuid = {C0E1A001-6B21-4F0A-9C11-8D5A2E6B0C01}
	EndGlobalSection
EndGlobal
